{
    "version": "0.5",
    "requires": [
        "zstd/1.5.5#93372fe14bb7883bd4de82914e0a1841%1680716977.025",
        "zlib/1.2.13#13c96f538b52e1600c40b88994de240f%1667396813.733",
        "sqlite3/3.40.1#42e44d48d880b6520ae0fea7dc51b3da%1676251411.718",
        "poco/1.12.4#c619f1f1c0dc74e4c468af5ab1dafd0b%1676682454.418",
        "pcre2/10.42#2079a0447f9652dffcbbf1eb73ae2d4e%1670876061.516",
        "openssl/1.1.1t#7d9fc949345908e1b8609d9d9f528a08%1678477939.241",
        "lz4/1.9.4#bce1f314775b83c195dffc8e177ff368%1673739280.274",
        "libpq/14.5#c42ba3a37dc1d8b18c61c91feddfd4c6%1678181415.501",
        "libmysqlclient/8.0.31#238c3c2208722894e169b74310888734%1682064223.353",
        "expat/2.5.0#7fde619c77c77a50ca72364bc92c4907%1678277250.98",
        "bzip2/1.0.8#411fc05e80d47a89045edc1ee6f23c1d%1678293522.814"
    ],
    "build_requires": [
        "strawberryperl/5.32.1.1#8f83d05a60363a422f9033e52d106b47%1666134191.176",
        "nasm/2.15.05#799d63b1672a337584b09635b0f22fc1%1675256619.737"
    ],
    "python_requires": []
}